
Microsoft Visual Studio Solution File, Format Version 12.00
# Visual Studio Version 17
VisualStudioVersion = 17.14.37027.9 d17.14
MinimumVisualStudioVersion = 10.0.40219.1
Project("{8BC9CEB8-8B4A-11D0-8D11-00A0C91BC942}") = "Kadai1", "Kadai1\Kadai1.vcxproj", "{EF5B25DF-21DE-4868-9C8C-239FC11CCF7B}"
EndProject
Global
	GlobalSection(SolutionConfigurationPlatforms) = preSolution
		Debug|x64 = Debug|x64
		Debug|x86 = Debug|x86
		Release|x64 = Release|x64
		Release|x86 = Release|x86
	EndGlobalSection
	GlobalSection(ProjectConfigurationPlatforms) = postSolution
		{EF5B25DF-21DE-4868-9C8C-239FC11CCF7B}.Debug|x64.ActiveCfg = Debug|x64
		{EF5B25DF-21DE-4868-9C8C-239FC11CCF7B}.Debug|x64.Build.0 = Debug|x64
		{EF5B25DF-21DE-4868-9C8C-239FC11CCF7B}.Debug|x86.ActiveCfg = Debug|Win32
		{EF5B25DF-21DE-4868-9C8C-239FC11CCF7B}.Debug|x86.Build.0 = Debug|Win32
		{EF5B25DF-21DE-4868-9C8C-239FC11CCF7B}.Release|x64.ActiveCfg = Release|x64
		{EF5B25DF-21DE-4868-9C8C-239FC11CCF7B}.Release|x64.Build.0 = Release|x64
		{EF5B25DF-21DE-4868-9C8C-239FC11CCF7B}.Release|x86.ActiveCfg = Release|Win32
		{EF5B25DF-21DE-4868-9C8C-239FC11CCF7B}.Release|x86.Build.0 = Release|Win32
	EndGlobalSection
	GlobalSection(SolutionProperties) = preSolution
		HideSolutionNode = FALSE
	EndGlobalSection
	GlobalSection(ExtensibilityGlobals) = postSolution
		SolutionGuid = {DDDD7FC9-5C37-4024-81A3-0DF1A1CC59D5}
	EndGlobalSection
EndGlobal
